
Microsoft Visual Studio Solution File, Format Version 12.00
# Visual Studio 15
VisualStudioVersion = 15.0.28010.2003
MinimumVisualStudioVersion = 10.0.40219.1
Project("{FAE04EC0-301F-11D3-BF4B-00C04F79EFBC}") = "WzDumper", "WzDumper.csproj", "{E252897F-9BF1-4AA3-AFD9-E0DF259B453C}"
EndProject
Project("{FAE04EC0-301F-11D3-BF4B-00C04F79EFBC}") = "MapleLib", "..\MapleLib\MapleLib.csproj", "{28AAB36D-942E-4476-A000-0E9DE380F390}"
EndProject
Global
	GlobalSection(SolutionConfigurationPlatforms) = preSolution
		Debug|Any CPU = Debug|Any CPU
		Release|Any CPU = Release|Any CPU
	EndGlobalSection
	GlobalSection(ProjectConfigurationPlatforms) = postSolution
		{E252897F-9BF1-4AA3-AFD9-E0DF259B453C}.Debug|Any CPU.ActiveCfg = Debug|Any CPU
		{E252897F-9BF1-4AA3-AFD9-E0DF259B453C}.Debug|Any CPU.Build.0 = Debug|Any CPU
		{E252897F-9BF1-4AA3-AFD9-E0DF259B453C}.Release|Any CPU.ActiveCfg = Release|Any CPU
		{E252897F-9BF1-4AA3-AFD9-E0DF259B453C}.Release|Any CPU.Build.0 = Release|Any CPU
		{28AAB36D-942E-4476-A000-0E9DE380F390}.Debug|Any CPU.ActiveCfg = Debug|Any CPU
		{28AAB36D-942E-4476-A000-0E9DE380F390}.Debug|Any CPU.Build.0 = Debug|Any CPU
		{28AAB36D-942E-4476-A000-0E9DE380F390}.Release|Any CPU.ActiveCfg = Release|Any CPU
		{28AAB36D-942E-4476-A000-0E9DE380F390}.Release|Any CPU.Build.0 = Release|Any CPU
	EndGlobalSection
	GlobalSection(SolutionProperties) = preSolution
		HideSolutionNode = FALSE
	EndGlobalSection
	GlobalSection(ExtensibilityGlobals) = postSolution
		SolutionGuid = {3146CB88-72F8-4572-96D5-CA2C58BDE4D1}
	EndGlobalSection
EndGlobal
