
Microsoft Visual Studio Solution File, Format Version 12.00
# Visual Studio Version 18
VisualStudioVersion = 18.6.11806.211
MinimumVisualStudioVersion = 10.0.40219.1
Project("{FAE04EC0-301F-11D3-BF4B-00C04F79EFBC}") = "WzDumper", "WzDumper.csproj", "{E252897F-9BF1-4AA3-AFD9-E0DF259B453C}"
EndProject
Project("{FAE04EC0-301F-11D3-BF4B-00C04F79EFBC}") = "WzComparerR2.WzLib", "..\WzComparerR2\WzComparerR2.WzLib\WzComparerR2.WzLib.csproj", "{B1EDC047-B4A8-1216-6018-68A19E847800}"
EndProject
Global
	GlobalSection(SolutionConfigurationPlatforms) = preSolution
		Debug|Any CPU = Debug|Any CPU
		Release|Any CPU = Release|Any CPU
	EndGlobalSection
	GlobalSection(ProjectConfigurationPlatforms) = postSolution
		{E252897F-9BF1-4AA3-AFD9-E0DF259B453C}.Debug|Any CPU.ActiveCfg = Debug|Any CPU
		{E252897F-9BF1-4AA3-AFD9-E0DF259B453C}.Debug|Any CPU.Build.0 = Debug|Any CPU
		{E252897F-9BF1-4AA3-AFD9-E0DF259B453C}.Release|Any CPU.ActiveCfg = Release|Any CPU
		{E252897F-9BF1-4AA3-AFD9-E0DF259B453C}.Release|Any CPU.Build.0 = Release|Any CPU
		{B1EDC047-B4A8-1216-6018-68A19E847800}.Debug|Any CPU.ActiveCfg = Debug|Any CPU
		{B1EDC047-B4A8-1216-6018-68A19E847800}.Debug|Any CPU.Build.0 = Debug|Any CPU
		{B1EDC047-B4A8-1216-6018-68A19E847800}.Release|Any CPU.ActiveCfg = Release|Any CPU
		{B1EDC047-B4A8-1216-6018-68A19E847800}.Release|Any CPU.Build.0 = Release|Any CPU
	EndGlobalSection
	GlobalSection(SolutionProperties) = preSolution
		HideSolutionNode = FALSE
	EndGlobalSection
	GlobalSection(ExtensibilityGlobals) = postSolution
		SolutionGuid = {3146CB88-72F8-4572-96D5-CA2C58BDE4D1}
	EndGlobalSection
EndGlobal
